# This file is automatically @generated by Poetry 2.1.2 and should not be changed by hand.

[[package]]
name = "password-strength"
version = "0.0.3.post2"
description = "Password strength and validation"
optional = false
python-versions = "*"
groups = ["main"]
files = [
    {file = "password_strength-0.0.3.post2-py2.py3-none-any.whl", hash = "sha256:6739357c2863d707b7c7f247ff7c6882a70904a18d12c9aaf98f8b95da176fb9"},
    {file = "password_strength-0.0.3.post2.tar.gz", hash = "sha256:bf4df10a58fcd3abfa182367307b4fd7b1cec518121dd83bf80c1c42ba796762"},
]

[package.dependencies]
six = "*"

[[package]]
name = "six"
version = "1.17.0"
description = "Python 2 and 3 compatibility utilities"
optional = false
python-versions = "!=3.0.*,!=3.1.*,!=3.2.*,>=2.7"
groups = ["main"]
files = [
    {file = "six-1.17.0-py2.py3-none-any.whl", hash = "sha256:4721f391ed90541fddacab5acf947aa0d3dc7d27b2e1e8eda2be8970586c3274"},
    {file = "six-1.17.0.tar.gz", hash = "sha256:ff70335d468e7eb6ec65b95b99d3a2836546063f63acc5171de367e834932a81"},
]

[metadata]
lock-version = "2.1"
python-versions = ">=3.13"
content-hash = "56a4b92d7aa0eeccab8757e1d142b1285331b89b70dbe70bd26f17c41a1da53d"
